
Microsoft Visual Studio Solution File, Format Version 12.00
# Visual Studio Version 17
VisualStudioVersion = 17.9.34728.123
MinimumVisualStudioVersion = 10.0.40219.1
Project("{FAE04EC0-301F-11D3-BF4B-00C04F79EFBC}") = "Assignment 5.3", "Assignment 5.3\Assignment 5.3.csproj", "{C275BCC3-308F-40FD-B45F-9EB92B4EDEE9}"
EndProject
Global
	GlobalSection(SolutionConfigurationPlatforms) = preSolution
		Debug|Any CPU = Debug|Any CPU
		Release|Any CPU = Release|Any CPU
	EndGlobalSection
	GlobalSection(ProjectConfigurationPlatforms) = postSolution
		{C275BCC3-308F-40FD-B45F-9EB92B4EDEE9}.Debug|Any CPU.ActiveCfg = Debug|Any CPU
		{C275BCC3-308F-40FD-B45F-9EB92B4EDEE9}.Debug|Any CPU.Build.0 = Debug|Any CPU
		{C275BCC3-308F-40FD-B45F-9EB92B4EDEE9}.Release|Any CPU.ActiveCfg = Release|Any CPU
		{C275BCC3-308F-40FD-B45F-9EB92B4EDEE9}.Release|Any CPU.Build.0 = Release|Any CPU
	EndGlobalSection
	GlobalSection(SolutionProperties) = preSolution
		HideSolutionNode = FALSE
	EndGlobalSection
	GlobalSection(ExtensibilityGlobals) = postSolution
		SolutionGuid = {4D40D356-700B-47BF-B646-F6389D72C17E}
	EndGlobalSection
EndGlobal
